
Microsoft Visual Studio Solution File, Format Version 12.00
# Visual Studio Version 16
VisualStudioVersion = 16.0.29911.84
MinimumVisualStudioVersion = 10.0.40219.1
Project("{FAE04EC0-301F-11D3-BF4B-00C04F79EFBC}") = "MonoGameSplineTest", "MonoGameSplineTest\MonoGameSplineTest.csproj", "{6735487A-CDDB-4FEF-976F-3F2C4C55A375}"
EndProject
Global
	GlobalSection(SolutionConfigurationPlatforms) = preSolution
		Debug|Any CPU = Debug|Any CPU
		Release|Any CPU = Release|Any CPU
	EndGlobalSection
	GlobalSection(ProjectConfigurationPlatforms) = postSolution
		{6735487A-CDDB-4FEF-976F-3F2C4C55A375}.Debug|Any CPU.ActiveCfg = Debug|Any CPU
		{6735487A-CDDB-4FEF-976F-3F2C4C55A375}.Debug|Any CPU.Build.0 = Debug|Any CPU
		{6735487A-CDDB-4FEF-976F-3F2C4C55A375}.Release|Any CPU.ActiveCfg = Release|Any CPU
		{6735487A-CDDB-4FEF-976F-3F2C4C55A375}.Release|Any CPU.Build.0 = Release|Any CPU
	EndGlobalSection
	GlobalSection(SolutionProperties) = preSolution
		HideSolutionNode = FALSE
	EndGlobalSection
	GlobalSection(ExtensibilityGlobals) = postSolution
		SolutionGuid = {5974D450-335C-4655-B842-7FB0F1176797}
	EndGlobalSection
EndGlobal
